
Microsoft Visual Studio Solution File, Format Version 12.00
# Visual Studio Version 17
VisualStudioVersion = 17.2.32516.85
MinimumVisualStudioVersion = 10.0.40219.1
Project("{FAE04EC0-301F-11D3-BF4B-00C04F79EFBC}") = "IMC", "IMC\IMC.csproj", "{231BE006-DFF6-47B0-867F-05CA8C67F9F1}"
EndProject
Global
	GlobalSection(SolutionConfigurationPlatforms) = preSolution
		Debug|Any CPU = Debug|Any CPU
		Release|Any CPU = Release|Any CPU
	EndGlobalSection
	GlobalSection(ProjectConfigurationPlatforms) = postSolution
		{231BE006-DFF6-47B0-867F-05CA8C67F9F1}.Debug|Any CPU.ActiveCfg = Debug|Any CPU
		{231BE006-DFF6-47B0-867F-05CA8C67F9F1}.Debug|Any CPU.Build.0 = Debug|Any CPU
		{231BE006-DFF6-47B0-867F-05CA8C67F9F1}.Release|Any CPU.ActiveCfg = Release|Any CPU
		{231BE006-DFF6-47B0-867F-05CA8C67F9F1}.Release|Any CPU.Build.0 = Release|Any CPU
	EndGlobalSection
	GlobalSection(SolutionProperties) = preSolution
		HideSolutionNode = FALSE
	EndGlobalSection
	GlobalSection(ExtensibilityGlobals) = postSolution
		SolutionGuid = {E76F995E-7CBD-4E1D-9151-9E24A8A4ACA0}
	EndGlobalSection
EndGlobal
